
Microsoft Visual Studio Solution File, Format Version 12.00
# Visual Studio Version 16
VisualStudioVersion = 16.0.29806.167
MinimumVisualStudioVersion = 10.0.40219.1
Project("{9A19103F-16F7-4668-BE54-9A1E7A4F7556}") = "Smartmed.WebApp.ConsoleUI", "Smartmed.WebApp.ConsoleUI\Smartmed.WebApp.ConsoleUI.csproj", "{A163DA24-948A-4586-B99B-4D19CD53CF89}"
EndProject
Project("{9A19103F-16F7-4668-BE54-9A1E7A4F7556}") = "Smartmed.WebApp.DataAccessLayer", "Smartmed.WebApp.DataAccessLayer\Smartmed.WebApp.DataAccessLayer.csproj", "{698DC53E-BC03-4B6E-A740-2D5DB2E98050}"
EndProject
Project("{FAE04EC0-301F-11D3-BF4B-00C04F79EFBC}") = "Smartmed.WebApp.Services", "Smartmed.WebApp.Services\Smartmed.WebApp.Services.csproj", "{A8677BB6-0AAB-450E-94F4-730F58AE3397}"
EndProject
Global
	GlobalSection(SolutionConfigurationPlatforms) = preSolution
		Debug|Any CPU = Debug|Any CPU
		Release|Any CPU = Release|Any CPU
	EndGlobalSection
	GlobalSection(ProjectConfigurationPlatforms) = postSolution
		{A163DA24-948A-4586-B99B-4D19CD53CF89}.Debug|Any CPU.ActiveCfg = Debug|Any CPU
		{A163DA24-948A-4586-B99B-4D19CD53CF89}.Debug|Any CPU.Build.0 = Debug|Any CPU
		{A163DA24-948A-4586-B99B-4D19CD53CF89}.Release|Any CPU.ActiveCfg = Release|Any CPU
		{A163DA24-948A-4586-B99B-4D19CD53CF89}.Release|Any CPU.Build.0 = Release|Any CPU
		{698DC53E-BC03-4B6E-A740-2D5DB2E98050}.Debug|Any CPU.ActiveCfg = Debug|Any CPU
		{698DC53E-BC03-4B6E-A740-2D5DB2E98050}.Debug|Any CPU.Build.0 = Debug|Any CPU
		{698DC53E-BC03-4B6E-A740-2D5DB2E98050}.Release|Any CPU.ActiveCfg = Release|Any CPU
		{698DC53E-BC03-4B6E-A740-2D5DB2E98050}.Release|Any CPU.Build.0 = Release|Any CPU
		{A8677BB6-0AAB-450E-94F4-730F58AE3397}.Debug|Any CPU.ActiveCfg = Debug|Any CPU
		{A8677BB6-0AAB-450E-94F4-730F58AE3397}.Debug|Any CPU.Build.0 = Debug|Any CPU
		{A8677BB6-0AAB-450E-94F4-730F58AE3397}.Release|Any CPU.ActiveCfg = Release|Any CPU
		{A8677BB6-0AAB-450E-94F4-730F58AE3397}.Release|Any CPU.Build.0 = Release|Any CPU
	EndGlobalSection
	GlobalSection(SolutionProperties) = preSolution
		HideSolutionNode = FALSE
	EndGlobalSection
	GlobalSection(ExtensibilityGlobals) = postSolution
		SolutionGuid = {2F687096-1BB0-455A-891E-814EDC0857FE}
	EndGlobalSection
EndGlobal
